PODS:
  - Alamofire (1.1.4)
  - CryptoSwift (0.0.8)
  - QueryKit/Attribute/Swift (0.9.2):
    - QueryKit/QuerySet/Swift
  - QueryKit/QuerySet/Swift (0.9.2)
  - QueryKit/Swift (0.9.2):
    - QueryKit/Attribute/Swift
    - QueryKit/QuerySet/Swift

DEPENDENCIES:
  - Alamofire (~> 1.1)
  - CryptoSwift (~> 0.0)
  - QueryKit/Swift (from `https://github.com/QueryKit/QueryKit`)

EXTERNAL SOURCES:
  QueryKit:
    :git: https://github.com/QueryKit/QueryKit

CHECKOUT OPTIONS:
  QueryKit:
    :commit: c3b309271b4572b845c0248957d45870229d8626
    :git: https://github.com/QueryKit/QueryKit

SPEC CHECKSUMS:
  Alamofire: 6a2cbaebe78a6d469bc55ee37f0a24ba22af76ac
  CryptoSwift: 6d1b93af5b48e02e57366bfad28b00170af405ee
  QueryKit: fb44b555d4c0f6942a2fe49395fe0229f6f0d08c

COCOAPODS: 0.36.0
